// !$*UTF8*$!
{
	archiveVersion = 1;
	classes = {
	};
	objectVersion = 46;
	objects = {

/* Begin PBXBuildFile section */
		2D75D6CC1E2057BA00E5C026 /* NSString+TJ_Unity.m in Sources */ = {isa = PBXBuildFile; fileRef = 2D75D6CB1E2057BA00E5C026 /* NSString+TJ_Unity.m */; };
		7D7C99BD1E1F7E0C00F8841E /* main.m in Sources */ = {isa = PBXBuildFile; fileRef = 7D7C99BC1E1F7E0C00F8841E /* main.m */; };
		7D7C99C01E1F7E0D00F8841E /* AppDelegate.m in Sources */ = {isa = PBXBuildFile; fileRef = 7D7C99BF1E1F7E0D00F8841E /* AppDelegate.m */; };
		7D7C99C31E1F7E0D00F8841E /* ViewController.m in Sources */ = {isa = PBXBuildFile; fileRef = 7D7C99C21E1F7E0D00F8841E /* ViewController.m */; };
		7D7C99C61E1F7E0D00F8841E /* Main.storyboard in Resources */ = {isa = PBXBuildFile; fileRef = 7D7C99C41E1F7E0D00F8841E /* Main.storyboard */; };
		7D7C99C81E1F7E0D00F8841E /* Assets.xcassets in Resources */ = {isa = PBXBuildFile; fileRef = 7D7C99C71E1F7E0D00F8841E /* Assets.xcassets */; };
		7D7C99CB1E1F7E0D00F8841E /* LaunchScreen.storyboard in Resources */ = {isa = PBXBuildFile; fileRef = 7D7C99C91E1F7E0D00F8841E /* LaunchScreen.storyboard */; };
		7D7C99D61E1F7E0D00F8841E /* EBTNStringUnityDemoTests.m in Sources */ = {isa = PBXBuildFile; fileRef = 7D7C99D51E1F7E0D00F8841E /* EBTNStringUnityDemoTests.m */; };
		7D7C99E11E1F7E0E00F8841E /* EBTNStringUnityDemoUITests.m in Sources */ = {isa = PBXBuildFile; fileRef = 7D7C99E01E1F7E0E00F8841E /* EBTNStringUnityDemoUITests.m */; };
		7D7C99F11E1F83BF00F8841E /* EBTGlobalHandlerUnity.m in Sources */ = {isa = PBXBuildFile; fileRef = 7D7C99F01E1F83BF00F8841E /* EBTGlobalHandlerUnity.m */; };
		7D7C99F41E1F8B3400F8841E /* CoreTelephony.framework in Frameworks */ = {isa = PBXBuildFile; fileRef = 7D7C99F31E1F8B3300F8841E /* CoreTelephony.framework */; };
/* End PBXBuildFile section */

/* Begin PBXContainerItemProxy section */
		7D7C99D21E1F7E0D00F8841E /* PBXContainerItemProxy */ = {
			isa = PBXContainerItemProxy;
			containerPortal = 7D7C99B01E1F7E0C00F8841E /* Project object */;
			proxyType = 1;
			remoteGlobalIDString = 7D7C99B71E1F7E0C00F8841E;
			remoteInfo = EBTNStringUnityDemo;
		};
		7D7C99DD1E1F7E0E00F8841E /* PBXContainerItemProxy */ = {
			isa = PBXContainerItemProxy;
			containerPortal = 7D7C99B01E1F7E0C00F8841E /* Project object */;
			proxyType = 1;
			remoteGlobalIDString = 7D7C99B71E1F7E0C00F8841E;
			remoteInfo = EBTNStringUnityDemo;
		};
/* End PBXContainerItemProxy section */

/* Begin PBXFileReference section */
		2D75D6CA1E2057BA00E5C026 /* NSString+TJ_Unity.h */ = {isa = PBXFileReference; fileEncoding = 4; lastKnownFileType = sourcecode.c.h; path = "NSString+TJ_Unity.h"; sourceTree = "<group>"; };
		2D75D6CB1E2057BA00E5C026 /* NSString+TJ_Unity.m */ = {isa = PBXFileReference; fileEncoding = 4; lastKnownFileType = sourcecode.c.objc; path = "NSString+TJ_Unity.m"; sourceTree = "<group>"; };
		7D7C99B81E1F7E0C00F8841E /* EBTNStringUnityDemo.app */ = {isa = PBXFileReference; explicitFileType = wrapper.application; includeInIndex = 0; path = EBTNStringUnityDemo.app; sourceTree = BUILT_PRODUCTS_DIR; };
		7D7C99BC1E1F7E0C00F8841E /* main.m */ = {isa = PBXFileReference; lastKnownFileType = sourcecode.c.objc; path = main.m; sourceTree = "<group>"; };
		7D7C99BE1E1F7E0C00F8841E /* AppDelegate.h */ = {isa = PBXFileReference; lastKnownFileType = sourcecode.c.h; path = AppDelegate.h; sourceTree = "<group>"; };
		7D7C99BF1E1F7E0D00F8841E /* AppDelegate.m */ = {isa = PBXFileReference; lastKnownFileType = sourcecode.c.objc; path = AppDelegate.m; sourceTree = "<group>"; };
		7D7C99C11E1F7E0D00F8841E /* ViewController.h */ = {isa = PBXFileReference; lastKnownFileType = sourcecode.c.h; path = ViewController.h; sourceTree = "<group>"; };
		7D7C99C21E1F7E0D00F8841E /* ViewController.m */ = {isa = PBXFileReference; lastKnownFileType = sourcecode.c.objc; path = ViewController.m; sourceTree = "<group>"; };
		7D7C99C51E1F7E0D00F8841E /* Base */ = {isa = PBXFileReference; lastKnownFileType = file.storyboard; name = Base; path = Base.lproj/Main.storyboard; sourceTree = "<group>"; };
		7D7C99C71E1F7E0D00F8841E /* Assets.xcassets */ = {isa = PBXFileReference; lastKnownFileType = folder.assetcatalog; path = Assets.xcassets; sourceTree = "<group>"; };
		7D7C99CA1E1F7E0D00F8841E /* Base */ = {isa = PBXFileReference; lastKnownFileType = file.storyboard; name = Base; path = Base.lproj/LaunchScreen.storyboard; sourceTree = "<group>"; };
		7D7C99CC1E1F7E0D00F8841E /* Info.plist */ = {isa = PBXFileReference; lastKnownFileType = text.plist.xml; path = Info.plist; sourceTree = "<group>"; };
		7D7C99D11E1F7E0D00F8841E /* EBTNStringUnityDemoTests.xctest */ = {isa = PBXFileReference; explicitFileType = wrapper.cfbundle; includeInIndex = 0; path = EBTNStringUnityDemoTests.xctest; sourceTree = BUILT_PRODUCTS_DIR; };
		7D7C99D51E1F7E0D00F8841E /* EBTNStringUnityDemoTests.m */ = {isa = PBXFileReference; lastKnownFileType = sourcecode.c.objc; path = EBTNStringUnityDemoTests.m; sourceTree = "<group>"; };
		7D7C99D71E1F7E0E00F8841E /* Info.plist */ = {isa = PBXFileReference; lastKnownFileType = text.plist.xml; path = Info.plist; sourceTree = "<group>"; };
		7D7C99DC1E1F7E0E00F8841E /* EBTNStringUnityDemoUITests.xctest */ = {isa = PBXFileReference; explicitFileType = wrapper.cfbundle; includeInIndex = 0; path = EBTNStringUnityDemoUITests.xctest; sourceTree = BUILT_PRODUCTS_DIR; };
		7D7C99E01E1F7E0E00F8841E /* EBTNStringUnityDemoUITests.m */ = {isa = PBXFileReference; lastKnownFileType = sourcecode.c.objc; path = EBTNStringUnityDemoUITests.m; sourceTree = "<group>"; };
		7D7C99E21E1F7E0E00F8841E /* Info.plist */ = {isa = PBXFileReference; lastKnownFileType = text.plist.xml; path = Info.plist; sourceTree = "<group>"; };
		7D7C99EF1E1F83BF00F8841E /* EBTGlobalHandlerUnity.h */ = {isa = PBXFileReference; fileEncoding = 4; lastKnownFileType = sourcecode.c.h; path = EBTGlobalHandlerUnity.h; sourceTree = "<group>"; };
		7D7C99F01E1F83BF00F8841E /* EBTGlobalHandlerUnity.m */ = {isa = PBXFileReference; fileEncoding = 4; lastKnownFileType = sourcecode.c.objc; path = EBTGlobalHandlerUnity.m; sourceTree = "<group>"; };
		7D7C99F31E1F8B3300F8841E /* CoreTelephony.framework */ = {isa = PBXFileReference; lastKnownFileType = wrapper.framework; name = CoreTelephony.framework; path = System/Library/Frameworks/CoreTelephony.framework; sourceTree = SDKROOT; };
/* End PBXFileReference section */

/* Begin PBXFrameworksBuildPhase section */
		7D7C99B51E1F7E0C00F8841E /* Frameworks */ = {
			isa = PBXFrameworksBuildPhase;
			buildActionMask = 2147483647;
			files = (
				7D7C99F41E1F8B3400F8841E /* CoreTelephony.framework in Frameworks */,
			);
			runOnlyForDeploymentPostprocessing = 0;
		};
		7D7C99CE1E1F7E0D00F8841E /* Frameworks */ = {
			isa = PBXFrameworksBuildPhase;
			buildActionMask = 2147483647;
			files = (
			);
			runOnlyForDeploymentPostprocessing = 0;
		};
		7D7C99D91E1F7E0E00F8841E /* Frameworks */ = {
			isa = PBXFrameworksBuildPhase;
			buildActionMask = 2147483647;
			files = (
			);
			runOnlyForDeploymentPostprocessing = 0;
		};
/* End PBXFrameworksBuildPhase section */

/* Begin PBXGroup section */
		7D7C99AF1E1F7E0C00F8841E = {
			isa = PBXGroup;
			children = (
				7D7C99BA1E1F7E0C00F8841E /* EBTNStringUnityDemo */,
				7D7C99D41E1F7E0D00F8841E /* EBTNStringUnityDemoTests */,
				7D7C99DF1E1F7E0E00F8841E /* EBTNStringUnityDemoUITests */,
				7D7C99B91E1F7E0C00F8841E /* Products */,
				7D7C99F21E1F8B3300F8841E /* Frameworks */,
			);
			sourceTree = "<group>";
		};
		7D7C99B91E1F7E0C00F8841E /* Products */ = {
			isa = PBXGroup;
			children = (
				7D7C99B81E1F7E0C00F8841E /* EBTNStringUnityDemo.app */,
				7D7C99D11E1F7E0D00F8841E /* EBTNStringUnityDemoTests.xctest */,
				7D7C99DC1E1F7E0E00F8841E /* EBTNStringUnityDemoUITests.xctest */,
			);
			name = Products;
			sourceTree = "<group>";
		};
		7D7C99BA1E1F7E0C00F8841E /* EBTNStringUnityDemo */ = {
			isa = PBXGroup;
			children = (
				7D7C99EE1E1F838200F8841E /* EBTNStringUnity */,
				7D7C99BE1E1F7E0C00F8841E /* AppDelegate.h */,
				7D7C99BF1E1F7E0D00F8841E /* AppDelegate.m */,
				7D7C99C11E1F7E0D00F8841E /* ViewController.h */,
				7D7C99C21E1F7E0D00F8841E /* ViewController.m */,
				7D7C99C41E1F7E0D00F8841E /* Main.storyboard */,
				7D7C99C71E1F7E0D00F8841E /* Assets.xcassets */,
				7D7C99C91E1F7E0D00F8841E /* LaunchScreen.storyboard */,
				7D7C99CC1E1F7E0D00F8841E /* Info.plist */,
				7D7C99BB1E1F7E0C00F8841E /* Supporting Files */,
			);
			path = EBTNStringUnityDemo;
			sourceTree = "<group>";
		};
		7D7C99BB1E1F7E0C00F8841E /* Supporting Files */ = {
			isa = PBXGroup;
			children = (
				7D7C99BC1E1F7E0C00F8841E /* main.m */,
			);
			name = "Supporting Files";
			sourceTree = "<group>";
		};
		7D7C99D41E1F7E0D00F8841E /* EBTNStringUnityDemoTests */ = {
			isa = PBXGroup;
			children = (
				7D7C99D51E1F7E0D00F8841E /* EBTNStringUnityDemoTests.m */,
				7D7C99D71E1F7E0E00F8841E /* Info.plist */,
			);
			path = EBTNStringUnityDemoTests;
			sourceTree = "<group>";
		};
		7D7C99DF1E1F7E0E00F8841E /* EBTNStringUnityDemoUITests */ = {
			isa = PBXGroup;
			children = (
				7D7C99E01E1F7E0E00F8841E /* EBTNStringUnityDemoUITests.m */,
				7D7C99E21E1F7E0E00F8841E /* Info.plist */,
			);
			path = EBTNStringUnityDemoUITests;
			sourceTree = "<group>";
		};
		7D7C99EE1E1F838200F8841E /* EBTNStringUnity */ = {
			isa = PBXGroup;
			children = (
				7D7C99EF1E1F83BF00F8841E /* EBTGlobalHandlerUnity.h */,
				7D7C99F01E1F83BF00F8841E /* EBTGlobalHandlerUnity.m */,
				2D75D6CA1E2057BA00E5C026 /* NSString+TJ_Unity.h */,
				2D75D6CB1E2057BA00E5C026 /* NSString+TJ_Unity.m */,
			);
			path = EBTNStringUnity;
			sourceTree = "<group>";
		};
		7D7C99F21E1F8B3300F8841E /* Frameworks */ = {
			isa = PBXGroup;
			children = (
				7D7C99F31E1F8B3300F8841E /* CoreTelephony.framework */,
			);
			name = Frameworks;
			sourceTree = "<group>";
		};
/* End PBXGroup section */

/* Begin PBXNativeTarget section */
		7D7C99B71E1F7E0C00F8841E /* EBTNStringUnityDemo */ = {
			isa = PBXNativeTarget;
			buildConfigurationList = 7D7C99E51E1F7E0E00F8841E /* Build configuration list for PBXNativeTarget "EBTNStringUnityDemo" */;
			buildPhases = (
				7D7C99B41E1F7E0C00F8841E /* Sources */,
				7D7C99B51E1F7E0C00F8841E /* Frameworks */,
				7D7C99B61E1F7E0C00F8841E /* Resources */,
			);
			buildRules = (
			);
			dependencies = (
			);
			name = EBTNStringUnityDemo;
			productName = EBTNStringUnityDemo;
			productReference = 7D7C99B81E1F7E0C00F8841E /* EBTNStringUnityDemo.app */;
			productType = "com.apple.product-type.application";
		};
		7D7C99D01E1F7E0D00F8841E /* EBTNStringUnityDemoTests */ = {
			isa = PBXNativeTarget;
			buildConfigurationList = 7D7C99E81E1F7E0E00F8841E /* Build configuration list for PBXNativeTarget "EBTNStringUnityDemoTests" */;
			buildPhases = (
				7D7C99CD1E1F7E0D00F8841E /* Sources */,
				7D7C99CE1E1F7E0D00F8841E /* Frameworks */,
				7D7C99CF1E1F7E0D00F8841E /* Resources */,
			);
			buildRules = (
			);
			dependencies = (
				7D7C99D31E1F7E0D00F8841E /* PBXTargetDependency */,
			);
			name = EBTNStringUnityDemoTests;
			productName = EBTNStringUnityDemoTests;
			productReference = 7D7C99D11E1F7E0D00F8841E /* EBTNStringUnityDemoTests.xctest */;
			productType = "com.apple.product-type.bundle.unit-test";
		};
		7D7C99DB1E1F7E0E00F8841E /* EBTNStringUnityDemoUITests */ = {
			isa = PBXNativeTarget;
			buildConfigurationList = 7D7C99EB1E1F7E0E00F8841E /* Build configuration list for PBXNativeTarget "EBTNStringUnityDemoUITests" */;
			buildPhases = (
				7D7C99D81E1F7E0E00F8841E /* Sources */,
				7D7C99D91E1F7E0E00F8841E /* Frameworks */,
				7D7C99DA1E1F7E0E00F8841E /* Resources */,
			);
			buildRules = (
			);
			dependencies = (
				7D7C99DE1E1F7E0E00F8841E /* PBXTargetDependency */,
			);
			name = EBTNStringUnityDemoUITests;
			productName = EBTNStringUnityDemoUITests;
			productReference = 7D7C99DC1E1F7E0E00F8841E /* EBTNStringUnityDemoUITests.xctest */;
			productType = "com.apple.product-type.bundle.ui-testing";
		};
/* End PBXNativeTarget section */

/* Begin PBXProject section */
		7D7C99B01E1F7E0C00F8841E /* Project object */ = {
			isa = PBXProject;
			attributes = {
				LastUpgradeCheck = 0820;
				ORGANIZATIONNAME = com.csst;
				TargetAttributes = {
					7D7C99B71E1F7E0C00F8841E = {
						CreatedOnToolsVersion = 8.2.1;
						ProvisioningStyle = Automatic;
					};
					7D7C99D01E1F7E0D00F8841E = {
						CreatedOnToolsVersion = 8.2.1;
						ProvisioningStyle = Automatic;
						TestTargetID = 7D7C99B71E1F7E0C00F8841E;
					};
					7D7C99DB1E1F7E0E00F8841E = {
						CreatedOnToolsVersion = 8.2.1;
						ProvisioningStyle = Automatic;
						TestTargetID = 7D7C99B71E1F7E0C00F8841E;
					};
				};
			};
			buildConfigurationList = 7D7C99B31E1F7E0C00F8841E /* Build configuration list for PBXProject "EBTNStringUnityDemo" */;
			compatibilityVersion = "Xcode 3.2";
			developmentRegion = English;
			hasScannedForEncodings = 0;
			knownRegions = (
				en,
				Base,
			);
			mainGroup = 7D7C99AF1E1F7E0C00F8841E;
			productRefGroup = 7D7C99B91E1F7E0C00F8841E /* Products */;
			projectDirPath = "";
			projectRoot = "";
			targets = (
				7D7C99B71E1F7E0C00F8841E /* EBTNStringUnityDemo */,
				7D7C99D01E1F7E0D00F8841E /* EBTNStringUnityDemoTests */,
				7D7C99DB1E1F7E0E00F8841E /* EBTNStringUnityDemoUITests */,
			);
		};
/* End PBXProject section */

/* Begin PBXResourcesBuildPhase section */
		7D7C99B61E1F7E0C00F8841E /* Resources */ = {
			isa = PBXResourcesBuildPhase;
			buildActionMask = 2147483647;
			files = (
				7D7C99CB1E1F7E0D00F8841E /* LaunchScreen.storyboard in Resources */,
				7D7C99C81E1F7E0D00F8841E /* Assets.xcassets in Resources */,
				7D7C99C61E1F7E0D00F8841E /* Main.storyboard in Resources */,
			);
			runOnlyForDeploymentPostprocessing = 0;
		};
		7D7C99CF1E1F7E0D00F8841E /* Resources */ = {
			isa = PBXResourcesBuildPhase;
			buildActionMask = 2147483647;
			files = (
			);
			runOnlyForDeploymentPostprocessing = 0;
		};
		7D7C99DA1E1F7E0E00F8841E /* Resources */ = {
			isa = PBXResourcesBuildPhase;
			buildActionMask = 2147483647;
			files = (
			);
			runOnlyForDeploymentPostprocessing = 0;
		};
/* End PBXResourcesBuildPhase section */

/* Begin PBXSourcesBuildPhase section */
		7D7C99B41E1F7E0C00F8841E /* Sources */ = {
			isa = PBXSourcesBuildPhase;
			buildActionMask = 2147483647;
			files = (
				7D7C99C31E1F7E0D00F8841E /* ViewController.m in Sources */,
				2D75D6CC1E2057BA00E5C026 /* NSString+TJ_Unity.m in Sources */,
				7D7C99F11E1F83BF00F8841E /* EBTGlobalHandlerUnity.m in Sources */,
				7D7C99C01E1F7E0D00F8841E /* AppDelegate.m in Sources */,
				7D7C99BD1E1F7E0C00F8841E /* main.m in Sources */,
			);
			runOnlyForDeploymentPostprocessing = 0;
		};
		7D7C99CD1E1F7E0D00F8841E /* Sources */ = {
			isa = PBXSourcesBuildPhase;
			buildActionMask = 2147483647;
			files = (
				7D7C99D61E1F7E0D00F8841E /* EBTNStringUnityDemoTests.m in Sources */,
			);
			runOnlyForDeploymentPostprocessing = 0;
		};
		7D7C99D81E1F7E0E00F8841E /* Sources */ = {
			isa = PBXSourcesBuildPhase;
			buildActionMask = 2147483647;
			files = (
				7D7C99E11E1F7E0E00F8841E /* EBTNStringUnityDemoUITests.m in Sources */,
			);
			runOnlyForDeploymentPostprocessing = 0;
		};
/* End PBXSourcesBuildPhase section */

/* Begin PBXTargetDependency section */
		7D7C99D31E1F7E0D00F8841E /* PBXTargetDependency */ = {
			isa = PBXTargetDependency;
			target = 7D7C99B71E1F7E0C00F8841E /* EBTNStringUnityDemo */;
			targetProxy = 7D7C99D21E1F7E0D00F8841E /* PBXContainerItemProxy */;
		};
		7D7C99DE1E1F7E0E00F8841E /* PBXTargetDependency */ = {
			isa = PBXTargetDependency;
			target = 7D7C99B71E1F7E0C00F8841E /* EBTNStringUnityDemo */;
			targetProxy = 7D7C99DD1E1F7E0E00F8841E /* PBXContainerItemProxy */;
		};
/* End PBXTargetDependency section */

/* Begin PBXVariantGroup section */
		7D7C99C41E1F7E0D00F8841E /* Main.storyboard */ = {
			isa = PBXVariantGroup;
			children = (
				7D7C99C51E1F7E0D00F8841E /* Base */,
			);
			name = Main.storyboard;
			sourceTree = "<group>";
		};
		7D7C99C91E1F7E0D00F8841E /* LaunchScreen.storyboard */ = {
			isa = PBXVariantGroup;
			children = (
				7D7C99CA1E1F7E0D00F8841E /* Base */,
			);
			name = LaunchScreen.storyboard;
			sourceTree = "<group>";
		};
/* End PBXVariantGroup section */

/* Begin XCBuildConfiguration section */
		7D7C99E31E1F7E0E00F8841E /* Debug */ = {
			isa = XCBuildConfiguration;
			buildSettings = {
				ALWAYS_SEARCH_USER_PATHS = NO;
				CLANG_ANALYZER_NONNULL = YES;
				CLANG_CXX_LANGUAGE_STANDARD = "gnu++0x";
				CLANG_CXX_LIBRARY = "libc++";
				CLANG_ENABLE_MODULES = YES;
				CLANG_ENABLE_OBJC_ARC = YES;
				CLANG_WARN_BOOL_CONVERSION = YES;
				CLANG_WARN_CONSTANT_CONVERSION = YES;
				CLANG_WARN_DIRECT_OBJC_ISA_USAGE = YES_ERROR;
				CLANG_WARN_DOCUMENTATION_COMMENTS = YES;
				CLANG_WARN_EMPTY_BODY = YES;
				CLANG_WARN_ENUM_CONVERSION = YES;
				CLANG_WARN_INFINITE_RECURSION = YES;
				CLANG_WARN_INT_CONVERSION = YES;
				CLANG_WARN_OBJC_ROOT_CLASS = YES_ERROR;
				CLANG_WARN_SUSPICIOUS_MOVE = YES;
				CLANG_WARN_UNREACHABLE_CODE = YES;
				CLANG_WARN__DUPLICATE_METHOD_MATCH = YES;
				"CODE_SIGN_IDENTITY[sdk=iphoneos*]" = "iPhone Developer";
				COPY_PHASE_STRIP = NO;
				DEBUG_INFORMATION_FORMAT = dwarf;
				ENABLE_STRICT_OBJC_MSGSEND = YES;
				ENABLE_TESTABILITY = YES;
				GCC_C_LANGUAGE_STANDARD = gnu99;
				GCC_DYNAMIC_NO_PIC = NO;
				GCC_NO_COMMON_BLOCKS = YES;
				GCC_OPTIMIZATION_LEVEL = 0;
				GCC_PREPROCESSOR_DEFINITIONS = (
					"DEBUG=1",
					"$(inherited)",
				);
				GCC_WARN_64_TO_32_BIT_CONVERSION = YES;
				GCC_WARN_ABOUT_RETURN_TYPE = YES_ERROR;
				GCC_WARN_UNDECLARED_SELECTOR = YES;
				GCC_WARN_UNINITIALIZED_AUTOS = YES_AGGRESSIVE;
				GCC_WARN_UNUSED_FUNCTION = YES;
				GCC_WARN_UNUSED_VARIABLE = YES;
				IPHONEOS_DEPLOYMENT_TARGET = 8.0;
				MTL_ENABLE_DEBUG_INFO = YES;
				ONLY_ACTIVE_ARCH = YES;
				SDKROOT = iphoneos;
			};
			name = Debug;
		};
		7D7C99E41E1F7E0E00F8841E /* Release */ = {
			isa = XCBuildConfiguration;
			buildSettings = {
				ALWAYS_SEARCH_USER_PATHS = NO;
				CLANG_ANALYZER_NONNULL = YES;
				CLANG_CXX_LANGUAGE_STANDARD = "gnu++0x";
				CLANG_CXX_LIBRARY = "libc++";
				CLANG_ENABLE_MODULES = YES;
				CLANG_ENABLE_OBJC_ARC = YES;
				CLANG_WARN_BOOL_CONVERSION = YES;
				CLANG_WARN_CONSTANT_CONVERSION = YES;
				CLANG_WARN_DIRECT_OBJC_ISA_USAGE = YES_ERROR;
				CLANG_WARN_DOCUMENTATION_COMMENTS = YES;
				CLANG_WARN_EMPTY_BODY = YES;
				CLANG_WARN_ENUM_CONVERSION = YES;
				CLANG_WARN_INFINITE_RECURSION = YES;
				CLANG_WARN_INT_CONVERSION = YES;
				CLANG_WARN_OBJC_ROOT_CLASS = YES_ERROR;
				CLANG_WARN_SUSPICIOUS_MOVE = YES;
				CLANG_WARN_UNREACHABLE_CODE = YES;
				CLANG_WARN__DUPLICATE_METHOD_MATCH = YES;
				"CODE_SIGN_IDENTITY[sdk=iphoneos*]" = "iPhone Developer";
				COPY_PHASE_STRIP = NO;
				DEBUG_INFORMATION_FORMAT = "dwarf-with-dsym";
				ENABLE_NS_ASSERTIONS = NO;
				ENABLE_STRICT_OBJC_MSGSEND = YES;
				GCC_C_LANGUAGE_STANDARD = gnu99;
				GCC_NO_COMMON_BLOCKS = YES;
				GCC_WARN_64_TO_32_BIT_CONVERSION = YES;
				GCC_WARN_ABOUT_RETURN_TYPE = YES_ERROR;
				GCC_WARN_UNDECLARED_SELECTOR = YES;
				GCC_WARN_UNINITIALIZED_AUTOS = YES_AGGRESSIVE;
				GCC_WARN_UNUSED_FUNCTION = YES;
				GCC_WARN_UNUSED_VARIABLE = YES;
				IPHONEOS_DEPLOYMENT_TARGET = 8.0;
				MTL_ENABLE_DEBUG_INFO = NO;
				SDKROOT = iphoneos;
				VALIDATE_PRODUCT = YES;
			};
			name = Release;
		};
		7D7C99E61E1F7E0E00F8841E /* Debug */ = {
			isa = XCBuildConfiguration;
			buildSettings = {
				ASSETCATALOG_COMPILER_APPICON_NAME = AppIcon;
				INFOPLIST_FILE = EBTNStringUnityDemo/Info.plist;
				LD_RUNPATH_SEARCH_PATHS = "$(inherited) @executable_path/Frameworks";
				PRODUCT_BUNDLE_IDENTIFIER = com.csst.www.EBTNStringUnityDemo;
				PRODUCT_NAME = "$(TARGET_NAME)";
			};
			name = Debug;
		};
		7D7C99E71E1F7E0E00F8841E /* Release */ = {
			isa = XCBuildConfiguration;
			buildSettings = {
				ASSETCATALOG_COMPILER_APPICON_NAME = AppIcon;
				INFOPLIST_FILE = EBTNStringUnityDemo/Info.plist;
				LD_RUNPATH_SEARCH_PATHS = "$(inherited) @executable_path/Frameworks";
				PRODUCT_BUNDLE_IDENTIFIER = com.csst.www.EBTNStringUnityDemo;
				PRODUCT_NAME = "$(TARGET_NAME)";
			};
			name = Release;
		};
		7D7C99E91E1F7E0E00F8841E /* Debug */ = {
			isa = XCBuildConfiguration;
			buildSettings = {
				BUNDLE_LOADER = "$(TEST_HOST)";
				INFOPLIST_FILE = EBTNStringUnityDemoTests/Info.plist;
				LD_RUNPATH_SEARCH_PATHS = "$(inherited) @executable_path/Frameworks @loader_path/Frameworks";
				PRODUCT_BUNDLE_IDENTIFIER = com.csst.www.EBTNStringUnityDemoTests;
				PRODUCT_NAME = "$(TARGET_NAME)";
				TEST_HOST = "$(BUILT_PRODUCTS_DIR)/EBTNStringUnityDemo.app/EBTNStringUnityDemo";
			};
			name = Debug;
		};
		7D7C99EA1E1F7E0E00F8841E /* Release */ = {
			isa = XCBuildConfiguration;
			buildSettings = {
				BUNDLE_LOADER = "$(TEST_HOST)";
				INFOPLIST_FILE = EBTNStringUnityDemoTests/Info.plist;
				LD_RUNPATH_SEARCH_PATHS = "$(inherited) @executable_path/Frameworks @loader_path/Frameworks";
				PRODUCT_BUNDLE_IDENTIFIER = com.csst.www.EBTNStringUnityDemoTests;
				PRODUCT_NAME = "$(TARGET_NAME)";
				TEST_HOST = "$(BUILT_PRODUCTS_DIR)/EBTNStringUnityDemo.app/EBTNStringUnityDemo";
			};
			name = Release;
		};
		7D7C99EC1E1F7E0E00F8841E /* Debug */ = {
			isa = XCBuildConfiguration;
			buildSettings = {
				INFOPLIST_FILE = EBTNStringUnityDemoUITests/Info.plist;
				LD_RUNPATH_SEARCH_PATHS = "$(inherited) @executable_path/Frameworks @loader_path/Frameworks";
				PRODUCT_BUNDLE_IDENTIFIER = com.csst.www.EBTNStringUnityDemoUITests;
				PRODUCT_NAME = "$(TARGET_NAME)";
				TEST_TARGET_NAME = EBTNStringUnityDemo;
			};
			name = Debug;
		};
		7D7C99ED1E1F7E0E00F8841E /* Release */ = {
			isa = XCBuildConfiguration;
			buildSettings = {
				INFOPLIST_FILE = EBTNStringUnityDemoUITests/Info.plist;
				LD_RUNPATH_SEARCH_PATHS = "$(inherited) @executable_path/Frameworks @loader_path/Frameworks";
				PRODUCT_BUNDLE_IDENTIFIER = com.csst.www.EBTNStringUnityDemoUITests;
				PRODUCT_NAME = "$(TARGET_NAME)";
				TEST_TARGET_NAME = EBTNStringUnityDemo;
			};
			name = Release;
		};
/* End XCBuildConfiguration section */

/* Begin XCConfigurationList section */
		7D7C99B31E1F7E0C00F8841E /* Build configuration list for PBXProject "EBTNStringUnityDemo" */ = {
			isa = XCConfigurationList;
			buildConfigurations = (
				7D7C99E31E1F7E0E00F8841E /* Debug */,
				7D7C99E41E1F7E0E00F8841E /* Release */,
			);
			defaultConfigurationIsVisible = 0;
			defaultConfigurationName = Release;
		};
		7D7C99E51E1F7E0E00F8841E /* Build configuration list for PBXNativeTarget "EBTNStringUnityDemo" */ = {
			isa = XCConfigurationList;
			buildConfigurations = (
				7D7C99E61E1F7E0E00F8841E /* Debug */,
				7D7C99E71E1F7E0E00F8841E /* Release */,
			);
			defaultConfigurationIsVisible = 0;
			defaultConfigurationName = Release;
		};
		7D7C99E81E1F7E0E00F8841E /* Build configuration list for PBXNativeTarget "EBTNStringUnityDemoTests" */ = {
			isa = XCConfigurationList;
			buildConfigurations = (
				7D7C99E91E1F7E0E00F8841E /* Debug */,
				7D7C99EA1E1F7E0E00F8841E /* Release */,
			);
			defaultConfigurationIsVisible = 0;
			defaultConfigurationName = Release;
		};
		7D7C99EB1E1F7E0E00F8841E /* Build configuration list for PBXNativeTarget "EBTNStringUnityDemoUITests" */ = {
			isa = XCConfigurationList;
			buildConfigurations = (
				7D7C99EC1E1F7E0E00F8841E /* Debug */,
				7D7C99ED1E1F7E0E00F8841E /* Release */,
			);
			defaultConfigurationIsVisible = 0;
			defaultConfigurationName = Release;
		};
/* End XCConfigurationList section */
	};
	rootObject = 7D7C99B01E1F7E0C00F8841E /* Project object */;
}
